
Microsoft Visual Studio Solution File, Format Version 12.00
# Visual Studio Version 16
VisualStudioVersion = 16.0.30413.136
MinimumVisualStudioVersion = 10.0.40219.1
Project("{9A19103F-16F7-4668-BE54-9A1E7A4F7556}") = "BlogitEntityModel", "EfGetStarted\BlogitEntityModel.csproj", "{A29DAE47-B645-48EC-93B8-B92B9D1638BF}"
EndProject
Project("{9A19103F-16F7-4668-BE54-9A1E7A4F7556}") = "BlogitGui", "BlogitGui\BlogitGui.csproj", "{3408FE01-9C71-4BB9-BDAC-DD3162147BE5}"
EndProject
Project("{FAE04EC0-301F-11D3-BF4B-00C04F79EFBC}") = "BlogitCrud", "BlogitCrud\BlogitCrud.csproj", "{FA630201-0B46-4E29-9A7E-C7FF7C6B3B1C}"
EndProject
Project("{FAE04EC0-301F-11D3-BF4B-00C04F79EFBC}") = "DataGenerate", "DataImport\DataGenerate.csproj", "{BEAEB2C8-99A4-440B-B0E0-84FA0E915711}"
EndProject
Global
	GlobalSection(SolutionConfigurationPlatforms) = preSolution
		Debug|Any CPU = Debug|Any CPU
		Release|Any CPU = Release|Any CPU
	EndGlobalSection
	GlobalSection(ProjectConfigurationPlatforms) = postSolution
		{A29DAE47-B645-48EC-93B8-B92B9D1638BF}.Debug|Any CPU.ActiveCfg = Debug|Any CPU
		{A29DAE47-B645-48EC-93B8-B92B9D1638BF}.Debug|Any CPU.Build.0 = Debug|Any CPU
		{A29DAE47-B645-48EC-93B8-B92B9D1638BF}.Release|Any CPU.ActiveCfg = Release|Any CPU
		{A29DAE47-B645-48EC-93B8-B92B9D1638BF}.Release|Any CPU.Build.0 = Release|Any CPU
		{3408FE01-9C71-4BB9-BDAC-DD3162147BE5}.Debug|Any CPU.ActiveCfg = Debug|Any CPU
		{3408FE01-9C71-4BB9-BDAC-DD3162147BE5}.Debug|Any CPU.Build.0 = Debug|Any CPU
		{3408FE01-9C71-4BB9-BDAC-DD3162147BE5}.Release|Any CPU.ActiveCfg = Release|Any CPU
		{3408FE01-9C71-4BB9-BDAC-DD3162147BE5}.Release|Any CPU.Build.0 = Release|Any CPU
		{FA630201-0B46-4E29-9A7E-C7FF7C6B3B1C}.Debug|Any CPU.ActiveCfg = Debug|Any CPU
		{FA630201-0B46-4E29-9A7E-C7FF7C6B3B1C}.Debug|Any CPU.Build.0 = Debug|Any CPU
		{FA630201-0B46-4E29-9A7E-C7FF7C6B3B1C}.Release|Any CPU.ActiveCfg = Release|Any CPU
		{FA630201-0B46-4E29-9A7E-C7FF7C6B3B1C}.Release|Any CPU.Build.0 = Release|Any CPU
		{BEAEB2C8-99A4-440B-B0E0-84FA0E915711}.Debug|Any CPU.ActiveCfg = Debug|Any CPU
		{BEAEB2C8-99A4-440B-B0E0-84FA0E915711}.Debug|Any CPU.Build.0 = Debug|Any CPU
		{BEAEB2C8-99A4-440B-B0E0-84FA0E915711}.Release|Any CPU.ActiveCfg = Release|Any CPU
		{BEAEB2C8-99A4-440B-B0E0-84FA0E915711}.Release|Any CPU.Build.0 = Release|Any CPU
	EndGlobalSection
	GlobalSection(SolutionProperties) = preSolution
		HideSolutionNode = FALSE
	EndGlobalSection
	GlobalSection(ExtensibilityGlobals) = postSolution
		SolutionGuid = {63189291-C488-4886-941D-EE6424B6CBF0}
	EndGlobalSection
EndGlobal
